
Microsoft Visual Studio Solution File, Format Version 12.00
# Visual Studio Version 17
VisualStudioVersion = 17.12.35707.178
MinimumVisualStudioVersion = 10.0.40219.1
Project("{FAE04EC0-301F-11D3-BF4B-00C04F79EFBC}") = "AccountingSystem", "AccountingSystem\AccountingSystem\AccountingSystem.csproj", "{212E754D-E98B-4BD8-AC28-08DEE8E312CA}"
EndProject
Project("{FAE04EC0-301F-11D3-BF4B-00C04F79EFBC}") = "AccountingSystem.Client", "AccountingSystem\AccountingSystem.Client\AccountingSystem.Client.csproj", "{7C87813D-AAE6-43ED-8215-2907500990EB}"
EndProject
Global
	GlobalSection(SolutionConfigurationPlatforms) = preSolution
		Debug|Any CPU = Debug|Any CPU
		Release|Any CPU = Release|Any CPU
	EndGlobalSection
	GlobalSection(ProjectConfigurationPlatforms) = postSolution
		{212E754D-E98B-4BD8-AC28-08DEE8E312CA}.Debug|Any CPU.ActiveCfg = Debug|Any CPU
		{212E754D-E98B-4BD8-AC28-08DEE8E312CA}.Debug|Any CPU.Build.0 = Debug|Any CPU
		{212E754D-E98B-4BD8-AC28-08DEE8E312CA}.Release|Any CPU.ActiveCfg = Release|Any CPU
		{212E754D-E98B-4BD8-AC28-08DEE8E312CA}.Release|Any CPU.Build.0 = Release|Any CPU
		{7C87813D-AAE6-43ED-8215-2907500990EB}.Debug|Any CPU.ActiveCfg = Debug|Any CPU
		{7C87813D-AAE6-43ED-8215-2907500990EB}.Debug|Any CPU.Build.0 = Debug|Any CPU
		{7C87813D-AAE6-43ED-8215-2907500990EB}.Release|Any CPU.ActiveCfg = Release|Any CPU
		{7C87813D-AAE6-43ED-8215-2907500990EB}.Release|Any CPU.Build.0 = Release|Any CPU
	EndGlobalSection
	GlobalSection(SolutionProperties) = preSolution
		HideSolutionNode = FALSE
	EndGlobalSection
EndGlobal
